
Microsoft Visual Studio Solution File, Format Version 12.00
# Visual Studio Version 16
VisualStudioVersion = 16.0.32106.194
MinimumVisualStudioVersion = 10.0.40219.1
Project("{FAE04EC0-301F-11D3-BF4B-00C04F79EFBC}") = "GestaoVendasCompleto-Com-Grafico-em-M.V.C", "GestaoVendasCompleto-Com-Grafico-em-M.V.C\GestaoVendasCompleto-Com-Grafico-em-M.V.C.csproj", "{872813D8-DB65-4D16-BF69-A2D444324185}"
EndProject
Global
	GlobalSection(SolutionConfigurationPlatforms) = preSolution
		Debug|Any CPU = Debug|Any CPU
		Release|Any CPU = Release|Any CPU
	EndGlobalSection
	GlobalSection(ProjectConfigurationPlatforms) = postSolution
		{872813D8-DB65-4D16-BF69-A2D444324185}.Debug|Any CPU.ActiveCfg = Debug|Any CPU
		{872813D8-DB65-4D16-BF69-A2D444324185}.Debug|Any CPU.Build.0 = Debug|Any CPU
		{872813D8-DB65-4D16-BF69-A2D444324185}.Release|Any CPU.ActiveCfg = Release|Any CPU
		{872813D8-DB65-4D16-BF69-A2D444324185}.Release|Any CPU.Build.0 = Release|Any CPU
	EndGlobalSection
	GlobalSection(SolutionProperties) = preSolution
		HideSolutionNode = FALSE
	EndGlobalSection
	GlobalSection(ExtensibilityGlobals) = postSolution
		SolutionGuid = {4FC32D6A-F4DD-428B-9B43-B9A99065D526}
	EndGlobalSection
EndGlobal
